{
  "nodes": {
    "go-overlay": {
      "flake": false,
      "locked": {
        "lastModified": 1788835781,
        "narHash": "sha256-IphemL5tEj9aHx3kPcnTmY9RurcGB+dGR/UpSgGeZQs=",
        "ref": "main",
        "rev": "bcc6e5d3415e0bb74dbe0973d02e3874ef5dd584",
        "revCount": 361,
        "type": "git",
        "url": "https://github.com/purpleclay/go-overlay"
      },
      "original": {
        "ref": "main",
        "type": "git",
        "url": "https://github.com/purpleclay/go-overlay"
      }
    },
    "nixpkgs": {
      "locked": {
        "lastModified": 1788549839,
        "narHash": "sha256-kOrCcSIA6w9J1hX5DqHy2k9pDTJymExTsbV74U9UtCA=",
        "owner": "NixOS",
        "repo": "nixpkgs",
        "rev": "17de0b976395537756f30a3e78f2f06e5cec89ed",
        "type": "github"
      },
      "original": {
        "owner": "NixOS",
        "ref": "nixpkgs-unstable",
        "repo": "nixpkgs",
        "type": "github"
      }
    },
    "root": {
      "inputs": {
        "go-overlay": "go-overlay",
        "nixpkgs": "nixpkgs"
      }
    }
  },
  "root": "root",
  "version": 7
}
